
Microsoft Visual Studio Solution File, Format Version 12.00
# Visual Studio 14
VisualStudioVersion = 14.0.25420.1
MinimumVisualStudioVersion = 10.0.40219.1
Project("{D954291E-2A0B-460D-934E-DC6B0785DB48}") = "MenuApp", "MenuApp\MenuApp\MenuApp.shproj", "{74A4D146-3583-487B-944B-797ECD065E5A}"
EndProject
Project("{FAE04EC0-301F-11D3-BF4B-00C04F79EFBC}") = "MenuApp.Droid", "MenuApp\MenuApp.Droid\MenuApp.Droid.csproj", "{A22BA2D0-83B9-48B8-BE8B-CA736EE9C58C}"
EndProject
Project("{FAE04EC0-301F-11D3-BF4B-00C04F79EFBC}") = "MenuApp.iOS", "MenuApp\MenuApp.iOS\MenuApp.iOS.csproj", "{E3C2A862-C9B8-4649-807F-7CF16CD63B8E}"
EndProject
Project("{FAE04EC0-301F-11D3-BF4B-00C04F79EFBC}") = "MenuApp.WinPhone", "MenuApp\MenuApp.WinPhone\MenuApp.WinPhone.csproj", "{F55D8745-E397-4C6A-A2D6-0636CC92ABD8}"
EndProject
Project("{FAE04EC0-301F-11D3-BF4B-00C04F79EFBC}") = "MenuApp.Windows", "MenuApp\MenuApp.Windows\MenuApp.Windows.csproj", "{7194128C-9331-423C-8629-4F6BEA40F4FA}"
EndProject
Global
	GlobalSection(SharedMSBuildProjectFiles) = preSolution
		MenuApp\MenuApp\MenuApp.projitems*{7194128c-9331-423c-8629-4f6bea40f4fa}*SharedItemsImports = 4
		MenuApp\MenuApp\MenuApp.projitems*{74a4d146-3583-487b-944b-797ecd065e5a}*SharedItemsImports = 13
		MenuApp\MenuApp\MenuApp.projitems*{a22ba2d0-83b9-48b8-be8b-ca736ee9c58c}*SharedItemsImports = 4
		MenuApp\MenuApp\MenuApp.projitems*{e3c2a862-c9b8-4649-807f-7cf16cd63b8e}*SharedItemsImports = 4
		MenuApp\MenuApp\MenuApp.projitems*{f55d8745-e397-4c6a-a2d6-0636cc92abd8}*SharedItemsImports = 4
	EndGlobalSection
	GlobalSection(SolutionConfigurationPlatforms) = preSolution
		Ad-Hoc|Any CPU = Ad-Hoc|Any CPU
		Ad-Hoc|ARM = Ad-Hoc|ARM
		Ad-Hoc|iPhone = Ad-Hoc|iPhone
		Ad-Hoc|iPhoneSimulator = Ad-Hoc|iPhoneSimulator
		Ad-Hoc|x64 = Ad-Hoc|x64
		Ad-Hoc|x86 = Ad-Hoc|x86
		AppStore|Any CPU = AppStore|Any CPU
		AppStore|ARM = AppStore|ARM
		AppStore|iPhone = AppStore|iPhone
		AppStore|iPhoneSimulator = AppStore|iPhoneSimulator
		AppStore|x64 = AppStore|x64
		AppStore|x86 = AppStore|x86
		Debug|Any CPU = Debug|Any CPU
		Debug|ARM = Debug|ARM
		Debug|iPhone = Debug|iPhone
		Debug|iPhoneSimulator = Debug|iPhoneSimulator
		Debug|x64 = Debug|x64
		Debug|x86 = Debug|x86
		Release|Any CPU = Release|Any CPU
		Release|ARM = Release|ARM
		Release|iPhone = Release|iPhone
		Release|iPhoneSimulator = Release|iPhoneSimulator
		Release|x64 = Release|x64
		Release|x86 = Release|x86
	EndGlobalSection
	GlobalSection(ProjectConfigurationPlatforms) = postSolution
		{A22BA2D0-83B9-48B8-BE8B-CA736EE9C58C}.Ad-Hoc|Any CPU.ActiveCfg = Release|Any CPU
		{A22BA2D0-83B9-48B8-BE8B-CA736EE9C58C}.Ad-Hoc|Any CPU.Build.0 = Release|Any CPU
		{A22BA2D0-83B9-48B8-BE8B-CA736EE9C58C}.Ad-Hoc|Any CPU.Deploy.0 = Release|Any CPU
		{A22BA2D0-83B9-48B8-BE8B-CA736EE9C58C}.Ad-Hoc|ARM.ActiveCfg = Release|Any CPU
		{A22BA2D0-83B9-48B8-BE8B-CA736EE9C58C}.Ad-Hoc|ARM.Build.0 = Release|Any CPU
		{A22BA2D0-83B9-48B8-BE8B-CA736EE9C58C}.Ad-Hoc|ARM.Deploy.0 = Release|Any CPU
		{A22BA2D0-83B9-48B8-BE8B-CA736EE9C58C}.Ad-Hoc|iPhone.ActiveCfg = Release|Any CPU
		{A22BA2D0-83B9-48B8-BE8B-CA736EE9C58C}.Ad-Hoc|iPhone.Build.0 = Release|Any CPU
		{A22BA2D0-83B9-48B8-BE8B-CA736EE9C58C}.Ad-Hoc|iPhone.Deploy.0 = Release|Any CPU
		{A22BA2D0-83B9-48B8-BE8B-CA736EE9C58C}.Ad-Hoc|iPhoneSimulator.ActiveCfg = Release|Any CPU
		{A22BA2D0-83B9-48B8-BE8B-CA736EE9C58C}.Ad-Hoc|iPhoneSimulator.Build.0 = Release|Any CPU
		{A22BA2D0-83B9-48B8-BE8B-CA736EE9C58C}.Ad-Hoc|iPhoneSimulator.Deploy.0 = Release|Any CPU
		{A22BA2D0-83B9-48B8-BE8B-CA736EE9C58C}.Ad-Hoc|x64.ActiveCfg = Release|Any CPU
		{A22BA2D0-83B9-48B8-BE8B-CA736EE9C58C}.Ad-Hoc|x64.Build.0 = Release|Any CPU
		{A22BA2D0-83B9-48B8-BE8B-CA736EE9C58C}.Ad-Hoc|x64.Deploy.0 = Release|Any CPU
		{A22BA2D0-83B9-48B8-BE8B-CA736EE9C58C}.Ad-Hoc|x86.ActiveCfg = Release|Any CPU
		{A22BA2D0-83B9-48B8-BE8B-CA736EE9C58C}.Ad-Hoc|x86.Build.0 = Release|Any CPU
		{A22BA2D0-83B9-48B8-BE8B-CA736EE9C58C}.Ad-Hoc|x86.Deploy.0 = Release|Any CPU
		{A22BA2D0-83B9-48B8-BE8B-CA736EE9C58C}.AppStore|Any CPU.ActiveCfg = Release|Any CPU
		{A22BA2D0-83B9-48B8-BE8B-CA736EE9C58C}.AppStore|Any CPU.Build.0 = Release|Any CPU
		{A22BA2D0-83B9-48B8-BE8B-CA736EE9C58C}.AppStore|Any CPU.Deploy.0 = Release|Any CPU
		{A22BA2D0-83B9-48B8-BE8B-CA736EE9C58C}.AppStore|ARM.ActiveCfg = Release|Any CPU
		{A22BA2D0-83B9-48B8-BE8B-CA736EE9C58C}.AppStore|ARM.Build.0 = Release|Any CPU
		{A22BA2D0-83B9-48B8-BE8B-CA736EE9C58C}.AppStore|ARM.Deploy.0 = Release|Any CPU
		{A22BA2D0-83B9-48B8-BE8B-CA736EE9C58C}.AppStore|iPhone.ActiveCfg = Release|Any CPU
		{A22BA2D0-83B9-48B8-BE8B-CA736EE9C58C}.AppStore|iPhone.Build.0 = Release|Any CPU
		{A22BA2D0-83B9-48B8-BE8B-CA736EE9C58C}.AppStore|iPhone.Deploy.0 = Release|Any CPU
		{A22BA2D0-83B9-48B8-BE8B-CA736EE9C58C}.AppStore|iPhoneSimulator.ActiveCfg = Release|Any CPU
		{A22BA2D0-83B9-48B8-BE8B-CA736EE9C58C}.AppStore|iPhoneSimulator.Build.0 = Release|Any CPU
		{A22BA2D0-83B9-48B8-BE8B-CA736EE9C58C}.AppStore|iPhoneSimulator.Deploy.0 = Release|Any CPU
		{A22BA2D0-83B9-48B8-BE8B-CA736EE9C58C}.AppStore|x64.ActiveCfg = Release|Any CPU
		{A22BA2D0-83B9-48B8-BE8B-CA736EE9C58C}.AppStore|x64.Build.0 = Release|Any CPU
		{A22BA2D0-83B9-48B8-BE8B-CA736EE9C58C}.AppStore|x64.Deploy.0 = Release|Any CPU
		{A22BA2D0-83B9-48B8-BE8B-CA736EE9C58C}.AppStore|x86.ActiveCfg = Release|Any CPU
		{A22BA2D0-83B9-48B8-BE8B-CA736EE9C58C}.AppStore|x86.Build.0 = Release|Any CPU
		{A22BA2D0-83B9-48B8-BE8B-CA736EE9C58C}.AppStore|x86.Deploy.0 = Release|Any CPU
		{A22BA2D0-83B9-48B8-BE8B-CA736EE9C58C}.Debug|Any CPU.ActiveCfg = Debug|Any CPU
		{A22BA2D0-83B9-48B8-BE8B-CA736EE9C58C}.Debug|Any CPU.Build.0 = Debug|Any CPU
		{A22BA2D0-83B9-48B8-BE8B-CA736EE9C58C}.Debug|Any CPU.Deploy.0 = Debug|Any CPU
		{A22BA2D0-83B9-48B8-BE8B-CA736EE9C58C}.Debug|ARM.ActiveCfg = Debug|Any CPU
		{A22BA2D0-83B9-48B8-BE8B-CA736EE9C58C}.Debug|ARM.Build.0 = Debug|Any CPU
		{A22BA2D0-83B9-48B8-BE8B-CA736EE9C58C}.Debug|ARM.Deploy.0 = Debug|Any CPU
		{A22BA2D0-83B9-48B8-BE8B-CA736EE9C58C}.Debug|iPhone.ActiveCfg = Debug|Any CPU
		{A22BA2D0-83B9-48B8-BE8B-CA736EE9C58C}.Debug|iPhone.Build.0 = Debug|Any CPU
		{A22BA2D0-83B9-48B8-BE8B-CA736EE9C58C}.Debug|iPhone.Deploy.0 = Debug|Any CPU
		{A22BA2D0-83B9-48B8-BE8B-CA736EE9C58C}.Debug|iPhoneSimulator.ActiveCfg = Debug|Any CPU
		{A22BA2D0-83B9-48B8-BE8B-CA736EE9C58C}.Debug|iPhoneSimulator.Build.0 = Debug|Any CPU
		{A22BA2D0-83B9-48B8-BE8B-CA736EE9C58C}.Debug|iPhoneSimulator.Deploy.0 = Debug|Any CPU
		{A22BA2D0-83B9-48B8-BE8B-CA736EE9C58C}.Debug|x64.ActiveCfg = Debug|Any CPU
		{A22BA2D0-83B9-48B8-BE8B-CA736EE9C58C}.Debug|x64.Build.0 = Debug|Any CPU
		{A22BA2D0-83B9-48B8-BE8B-CA736EE9C58C}.Debug|x64.Deploy.0 = Debug|Any CPU
		{A22BA2D0-83B9-48B8-BE8B-CA736EE9C58C}.Debug|x86.ActiveCfg = Debug|Any CPU
		{A22BA2D0-83B9-48B8-BE8B-CA736EE9C58C}.Debug|x86.Build.0 = Debug|Any CPU
		{A22BA2D0-83B9-48B8-BE8B-CA736EE9C58C}.Debug|x86.Deploy.0 = Debug|Any CPU
		{A22BA2D0-83B9-48B8-BE8B-CA736EE9C58C}.Release|Any CPU.ActiveCfg = Release|Any CPU
		{A22BA2D0-83B9-48B8-BE8B-CA736EE9C58C}.Release|Any CPU.Build.0 = Release|Any CPU
		{A22BA2D0-83B9-48B8-BE8B-CA736EE9C58C}.Release|Any CPU.Deploy.0 = Release|Any CPU
		{A22BA2D0-83B9-48B8-BE8B-CA736EE9C58C}.Release|ARM.ActiveCfg = Release|Any CPU
		{A22BA2D0-83B9-48B8-BE8B-CA736EE9C58C}.Release|ARM.Build.0 = Release|Any CPU
		{A22BA2D0-83B9-48B8-BE8B-CA736EE9C58C}.Release|ARM.Deploy.0 = Release|Any CPU
		{A22BA2D0-83B9-48B8-BE8B-CA736EE9C58C}.Release|iPhone.ActiveCfg = Release|Any CPU
		{A22BA2D0-83B9-48B8-BE8B-CA736EE9C58C}.Release|iPhone.Build.0 = Release|Any CPU
		{A22BA2D0-83B9-48B8-BE8B-CA736EE9C58C}.Release|iPhone.Deploy.0 = Release|Any CPU
		{A22BA2D0-83B9-48B8-BE8B-CA736EE9C58C}.Release|iPhoneSimulator.ActiveCfg = Release|Any CPU
		{A22BA2D0-83B9-48B8-BE8B-CA736EE9C58C}.Release|iPhoneSimulator.Build.0 = Release|Any CPU
		{A22BA2D0-83B9-48B8-BE8B-CA736EE9C58C}.Release|iPhoneSimulator.Deploy.0 = Release|Any CPU
		{A22BA2D0-83B9-48B8-BE8B-CA736EE9C58C}.Release|x64.ActiveCfg = Release|Any CPU
		{A22BA2D0-83B9-48B8-BE8B-CA736EE9C58C}.Release|x64.Build.0 = Release|Any CPU
		{A22BA2D0-83B9-48B8-BE8B-CA736EE9C58C}.Release|x64.Deploy.0 = Release|Any CPU
		{A22BA2D0-83B9-48B8-BE8B-CA736EE9C58C}.Release|x86.ActiveCfg = Release|Any CPU
		{A22BA2D0-83B9-48B8-BE8B-CA736EE9C58C}.Release|x86.Build.0 = Release|Any CPU
		{A22BA2D0-83B9-48B8-BE8B-CA736EE9C58C}.Release|x86.Deploy.0 = Release|Any CPU
		{E3C2A862-C9B8-4649-807F-7CF16CD63B8E}.Ad-Hoc|Any CPU.ActiveCfg = Ad-Hoc|iPhone
		{E3C2A862-C9B8-4649-807F-7CF16CD63B8E}.Ad-Hoc|ARM.ActiveCfg = Ad-Hoc|iPhone
		{E3C2A862-C9B8-4649-807F-7CF16CD63B8E}.Ad-Hoc|iPhone.ActiveCfg = Ad-Hoc|iPhone
		{E3C2A862-C9B8-4649-807F-7CF16CD63B8E}.Ad-Hoc|iPhone.Build.0 = Ad-Hoc|iPhone
		{E3C2A862-C9B8-4649-807F-7CF16CD63B8E}.Ad-Hoc|iPhoneSimulator.ActiveCfg = Ad-Hoc|iPhoneSimulator
		{E3C2A862-C9B8-4649-807F-7CF16CD63B8E}.Ad-Hoc|iPhoneSimulator.Build.0 = Ad-Hoc|iPhoneSimulator
		{E3C2A862-C9B8-4649-807F-7CF16CD63B8E}.Ad-Hoc|x64.ActiveCfg = Ad-Hoc|iPhone
		{E3C2A862-C9B8-4649-807F-7CF16CD63B8E}.Ad-Hoc|x86.ActiveCfg = Ad-Hoc|iPhone
		{E3C2A862-C9B8-4649-807F-7CF16CD63B8E}.AppStore|Any CPU.ActiveCfg = AppStore|iPhone
		{E3C2A862-C9B8-4649-807F-7CF16CD63B8E}.AppStore|ARM.ActiveCfg = AppStore|iPhone
		{E3C2A862-C9B8-4649-807F-7CF16CD63B8E}.AppStore|iPhone.ActiveCfg = AppStore|iPhone
		{E3C2A862-C9B8-4649-807F-7CF16CD63B8E}.AppStore|iPhone.Build.0 = AppStore|iPhone
		{E3C2A862-C9B8-4649-807F-7CF16CD63B8E}.AppStore|iPhoneSimulator.ActiveCfg = AppStore|iPhoneSimulator
		{E3C2A862-C9B8-4649-807F-7CF16CD63B8E}.AppStore|iPhoneSimulator.Build.0 = AppStore|iPhoneSimulator
		{E3C2A862-C9B8-4649-807F-7CF16CD63B8E}.AppStore|x64.ActiveCfg = AppStore|iPhone
		{E3C2A862-C9B8-4649-807F-7CF16CD63B8E}.AppStore|x86.ActiveCfg = AppStore|iPhone
		{E3C2A862-C9B8-4649-807F-7CF16CD63B8E}.Debug|Any CPU.ActiveCfg = Debug|iPhone
		{E3C2A862-C9B8-4649-807F-7CF16CD63B8E}.Debug|ARM.ActiveCfg = Debug|iPhone
		{E3C2A862-C9B8-4649-807F-7CF16CD63B8E}.Debug|iPhone.ActiveCfg = Debug|iPhone
		{E3C2A862-C9B8-4649-807F-7CF16CD63B8E}.Debug|iPhone.Build.0 = Debug|iPhone
		{E3C2A862-C9B8-4649-807F-7CF16CD63B8E}.Debug|iPhoneSimulator.ActiveCfg = Debug|iPhoneSimulator
		{E3C2A862-C9B8-4649-807F-7CF16CD63B8E}.Debug|iPhoneSimulator.Build.0 = Debug|iPhoneSimulator
		{E3C2A862-C9B8-4649-807F-7CF16CD63B8E}.Debug|x64.ActiveCfg = Debug|iPhone
		{E3C2A862-C9B8-4649-807F-7CF16CD63B8E}.Debug|x86.ActiveCfg = Debug|iPhone
		{E3C2A862-C9B8-4649-807F-7CF16CD63B8E}.Release|Any CPU.ActiveCfg = Release|iPhone
		{E3C2A862-C9B8-4649-807F-7CF16CD63B8E}.Release|ARM.ActiveCfg = Release|iPhone
		{E3C2A862-C9B8-4649-807F-7CF16CD63B8E}.Release|iPhone.ActiveCfg = Release|iPhone
		{E3C2A862-C9B8-4649-807F-7CF16CD63B8E}.Release|iPhone.Build.0 = Release|iPhone
		{E3C2A862-C9B8-4649-807F-7CF16CD63B8E}.Release|iPhoneSimulator.ActiveCfg = Release|iPhoneSimulator
		{E3C2A862-C9B8-4649-807F-7CF16CD63B8E}.Release|iPhoneSimulator.Build.0 = Release|iPhoneSimulator
		{E3C2A862-C9B8-4649-807F-7CF16CD63B8E}.Release|x64.ActiveCfg = Release|iPhone
		{E3C2A862-C9B8-4649-807F-7CF16CD63B8E}.Release|x86.ActiveCfg = Release|iPhone
		{F55D8745-E397-4C6A-A2D6-0636CC92ABD8}.Ad-Hoc|Any CPU.ActiveCfg = Release|Any CPU
		{F55D8745-E397-4C6A-A2D6-0636CC92ABD8}.Ad-Hoc|Any CPU.Build.0 = Release|Any CPU
		{F55D8745-E397-4C6A-A2D6-0636CC92ABD8}.Ad-Hoc|Any CPU.Deploy.0 = Release|Any CPU
		{F55D8745-E397-4C6A-A2D6-0636CC92ABD8}.Ad-Hoc|ARM.ActiveCfg = Release|ARM
		{F55D8745-E397-4C6A-A2D6-0636CC92ABD8}.Ad-Hoc|ARM.Build.0 = Release|ARM
		{F55D8745-E397-4C6A-A2D6-0636CC92ABD8}.Ad-Hoc|ARM.Deploy.0 = Release|ARM
		{F55D8745-E397-4C6A-A2D6-0636CC92ABD8}.Ad-Hoc|iPhone.ActiveCfg = Release|Any CPU
		{F55D8745-E397-4C6A-A2D6-0636CC92ABD8}.Ad-Hoc|iPhone.Build.0 = Release|Any CPU
		{F55D8745-E397-4C6A-A2D6-0636CC92ABD8}.Ad-Hoc|iPhone.Deploy.0 = Release|Any CPU
		{F55D8745-E397-4C6A-A2D6-0636CC92ABD8}.Ad-Hoc|iPhoneSimulator.ActiveCfg = Release|Any CPU
		{F55D8745-E397-4C6A-A2D6-0636CC92ABD8}.Ad-Hoc|iPhoneSimulator.Build.0 = Release|Any CPU
		{F55D8745-E397-4C6A-A2D6-0636CC92ABD8}.Ad-Hoc|iPhoneSimulator.Deploy.0 = Release|Any CPU
		{F55D8745-E397-4C6A-A2D6-0636CC92ABD8}.Ad-Hoc|x64.ActiveCfg = Release|Any CPU
		{F55D8745-E397-4C6A-A2D6-0636CC92ABD8}.Ad-Hoc|x64.Build.0 = Release|Any CPU
		{F55D8745-E397-4C6A-A2D6-0636CC92ABD8}.Ad-Hoc|x64.Deploy.0 = Release|Any CPU
		{F55D8745-E397-4C6A-A2D6-0636CC92ABD8}.Ad-Hoc|x86.ActiveCfg = Release|x86
		{F55D8745-E397-4C6A-A2D6-0636CC92ABD8}.Ad-Hoc|x86.Build.0 = Release|x86
		{F55D8745-E397-4C6A-A2D6-0636CC92ABD8}.Ad-Hoc|x86.Deploy.0 = Release|x86
		{F55D8745-E397-4C6A-A2D6-0636CC92ABD8}.AppStore|Any CPU.ActiveCfg = Release|Any CPU
		{F55D8745-E397-4C6A-A2D6-0636CC92ABD8}.AppStore|Any CPU.Build.0 = Release|Any CPU
		{F55D8745-E397-4C6A-A2D6-0636CC92ABD8}.AppStore|Any CPU.Deploy.0 = Release|Any CPU
		{F55D8745-E397-4C6A-A2D6-0636CC92ABD8}.AppStore|ARM.ActiveCfg = Release|ARM
		{F55D8745-E397-4C6A-A2D6-0636CC92ABD8}.AppStore|ARM.Build.0 = Release|ARM
		{F55D8745-E397-4C6A-A2D6-0636CC92ABD8}.AppStore|ARM.Deploy.0 = Release|ARM
		{F55D8745-E397-4C6A-A2D6-0636CC92ABD8}.AppStore|iPhone.ActiveCfg = Release|Any CPU
		{F55D8745-E397-4C6A-A2D6-0636CC92ABD8}.AppStore|iPhone.Build.0 = Release|Any CPU
		{F55D8745-E397-4C6A-A2D6-0636CC92ABD8}.AppStore|iPhone.Deploy.0 = Release|Any CPU
		{F55D8745-E397-4C6A-A2D6-0636CC92ABD8}.AppStore|iPhoneSimulator.ActiveCfg = Release|Any CPU
		{F55D8745-E397-4C6A-A2D6-0636CC92ABD8}.AppStore|iPhoneSimulator.Build.0 = Release|Any CPU
		{F55D8745-E397-4C6A-A2D6-0636CC92ABD8}.AppStore|iPhoneSimulator.Deploy.0 = Release|Any CPU
		{F55D8745-E397-4C6A-A2D6-0636CC92ABD8}.AppStore|x64.ActiveCfg = Release|Any CPU
		{F55D8745-E397-4C6A-A2D6-0636CC92ABD8}.AppStore|x64.Build.0 = Release|Any CPU
		{F55D8745-E397-4C6A-A2D6-0636CC92ABD8}.AppStore|x64.Deploy.0 = Release|Any CPU
		{F55D8745-E397-4C6A-A2D6-0636CC92ABD8}.AppStore|x86.ActiveCfg = Release|x86
		{F55D8745-E397-4C6A-A2D6-0636CC92ABD8}.AppStore|x86.Build.0 = Release|x86
		{F55D8745-E397-4C6A-A2D6-0636CC92ABD8}.AppStore|x86.Deploy.0 = Release|x86
		{F55D8745-E397-4C6A-A2D6-0636CC92ABD8}.Debug|Any CPU.ActiveCfg = Debug|Any CPU
		{F55D8745-E397-4C6A-A2D6-0636CC92ABD8}.Debug|Any CPU.Build.0 = Debug|Any CPU
		{F55D8745-E397-4C6A-A2D6-0636CC92ABD8}.Debug|Any CPU.Deploy.0 = Debug|Any CPU
		{F55D8745-E397-4C6A-A2D6-0636CC92ABD8}.Debug|ARM.ActiveCfg = Debug|ARM
		{F55D8745-E397-4C6A-A2D6-0636CC92ABD8}.Debug|ARM.Build.0 = Debug|ARM
		{F55D8745-E397-4C6A-A2D6-0636CC92ABD8}.Debug|ARM.Deploy.0 = Debug|ARM
		{F55D8745-E397-4C6A-A2D6-0636CC92ABD8}.Debug|iPhone.ActiveCfg = Debug|Any CPU
		{F55D8745-E397-4C6A-A2D6-0636CC92ABD8}.Debug|iPhone.Build.0 = Debug|Any CPU
		{F55D8745-E397-4C6A-A2D6-0636CC92ABD8}.Debug|iPhone.Deploy.0 = Debug|Any CPU
		{F55D8745-E397-4C6A-A2D6-0636CC92ABD8}.Debug|iPhoneSimulator.ActiveCfg = Debug|Any CPU
		{F55D8745-E397-4C6A-A2D6-0636CC92ABD8}.Debug|iPhoneSimulator.Build.0 = Debug|Any CPU
		{F55D8745-E397-4C6A-A2D6-0636CC92ABD8}.Debug|iPhoneSimulator.Deploy.0 = Debug|Any CPU
		{F55D8745-E397-4C6A-A2D6-0636CC92ABD8}.Debug|x64.ActiveCfg = Debug|Any CPU
		{F55D8745-E397-4C6A-A2D6-0636CC92ABD8}.Debug|x64.Build.0 = Debug|Any CPU
		{F55D8745-E397-4C6A-A2D6-0636CC92ABD8}.Debug|x64.Deploy.0 = Debug|Any CPU
		{F55D8745-E397-4C6A-A2D6-0636CC92ABD8}.Debug|x86.ActiveCfg = Debug|x86
		{F55D8745-E397-4C6A-A2D6-0636CC92ABD8}.Debug|x86.Build.0 = Debug|x86
		{F55D8745-E397-4C6A-A2D6-0636CC92ABD8}.Debug|x86.Deploy.0 = Debug|x86
		{F55D8745-E397-4C6A-A2D6-0636CC92ABD8}.Release|Any CPU.ActiveCfg = Release|Any CPU
		{F55D8745-E397-4C6A-A2D6-0636CC92ABD8}.Release|Any CPU.Build.0 = Release|Any CPU
		{F55D8745-E397-4C6A-A2D6-0636CC92ABD8}.Release|Any CPU.Deploy.0 = Release|Any CPU
		{F55D8745-E397-4C6A-A2D6-0636CC92ABD8}.Release|ARM.ActiveCfg = Release|ARM
		{F55D8745-E397-4C6A-A2D6-0636CC92ABD8}.Release|ARM.Build.0 = Release|ARM
		{F55D8745-E397-4C6A-A2D6-0636CC92ABD8}.Release|ARM.Deploy.0 = Release|ARM
		{F55D8745-E397-4C6A-A2D6-0636CC92ABD8}.Release|iPhone.ActiveCfg = Release|Any CPU
		{F55D8745-E397-4C6A-A2D6-0636CC92ABD8}.Release|iPhone.Build.0 = Release|Any CPU
		{F55D8745-E397-4C6A-A2D6-0636CC92ABD8}.Release|iPhone.Deploy.0 = Release|Any CPU
		{F55D8745-E397-4C6A-A2D6-0636CC92ABD8}.Release|iPhoneSimulator.ActiveCfg = Release|Any CPU
		{F55D8745-E397-4C6A-A2D6-0636CC92ABD8}.Release|iPhoneSimulator.Build.0 = Release|Any CPU
		{F55D8745-E397-4C6A-A2D6-0636CC92ABD8}.Release|iPhoneSimulator.Deploy.0 = Release|Any CPU
		{F55D8745-E397-4C6A-A2D6-0636CC92ABD8}.Release|x64.ActiveCfg = Release|Any CPU
		{F55D8745-E397-4C6A-A2D6-0636CC92ABD8}.Release|x64.Build.0 = Release|Any CPU
		{F55D8745-E397-4C6A-A2D6-0636CC92ABD8}.Release|x64.Deploy.0 = Release|Any CPU
		{F55D8745-E397-4C6A-A2D6-0636CC92ABD8}.Release|x86.ActiveCfg = Release|x86
		{F55D8745-E397-4C6A-A2D6-0636CC92ABD8}.Release|x86.Build.0 = Release|x86
		{F55D8745-E397-4C6A-A2D6-0636CC92ABD8}.Release|x86.Deploy.0 = Release|x86
		{7194128C-9331-423C-8629-4F6BEA40F4FA}.Ad-Hoc|Any CPU.ActiveCfg = Release|Any CPU
		{7194128C-9331-423C-8629-4F6BEA40F4FA}.Ad-Hoc|Any CPU.Build.0 = Release|Any CPU
		{7194128C-9331-423C-8629-4F6BEA40F4FA}.Ad-Hoc|Any CPU.Deploy.0 = Release|Any CPU
		{7194128C-9331-423C-8629-4F6BEA40F4FA}.Ad-Hoc|ARM.ActiveCfg = Release|ARM
		{7194128C-9331-423C-8629-4F6BEA40F4FA}.Ad-Hoc|ARM.Build.0 = Release|ARM
		{7194128C-9331-423C-8629-4F6BEA40F4FA}.Ad-Hoc|ARM.Deploy.0 = Release|ARM
		{7194128C-9331-423C-8629-4F6BEA40F4FA}.Ad-Hoc|iPhone.ActiveCfg = Release|Any CPU
		{7194128C-9331-423C-8629-4F6BEA40F4FA}.Ad-Hoc|iPhone.Build.0 = Release|Any CPU
		{7194128C-9331-423C-8629-4F6BEA40F4FA}.Ad-Hoc|iPhone.Deploy.0 = Release|Any CPU
		{7194128C-9331-423C-8629-4F6BEA40F4FA}.Ad-Hoc|iPhoneSimulator.ActiveCfg = Release|Any CPU
		{7194128C-9331-423C-8629-4F6BEA40F4FA}.Ad-Hoc|iPhoneSimulator.Build.0 = Release|Any CPU
		{7194128C-9331-423C-8629-4F6BEA40F4FA}.Ad-Hoc|iPhoneSimulator.Deploy.0 = Release|Any CPU
		{7194128C-9331-423C-8629-4F6BEA40F4FA}.Ad-Hoc|x64.ActiveCfg = Release|x64
		{7194128C-9331-423C-8629-4F6BEA40F4FA}.Ad-Hoc|x64.Build.0 = Release|x64
		{7194128C-9331-423C-8629-4F6BEA40F4FA}.Ad-Hoc|x64.Deploy.0 = Release|x64
		{7194128C-9331-423C-8629-4F6BEA40F4FA}.Ad-Hoc|x86.ActiveCfg = Release|x86
		{7194128C-9331-423C-8629-4F6BEA40F4FA}.Ad-Hoc|x86.Build.0 = Release|x86
		{7194128C-9331-423C-8629-4F6BEA40F4FA}.Ad-Hoc|x86.Deploy.0 = Release|x86
		{7194128C-9331-423C-8629-4F6BEA40F4FA}.AppStore|Any CPU.ActiveCfg = Release|Any CPU
		{7194128C-9331-423C-8629-4F6BEA40F4FA}.AppStore|Any CPU.Build.0 = Release|Any CPU
		{7194128C-9331-423C-8629-4F6BEA40F4FA}.AppStore|Any CPU.Deploy.0 = Release|Any CPU
		{7194128C-9331-423C-8629-4F6BEA40F4FA}.AppStore|ARM.ActiveCfg = Release|ARM
		{7194128C-9331-423C-8629-4F6BEA40F4FA}.AppStore|ARM.Build.0 = Release|ARM
		{7194128C-9331-423C-8629-4F6BEA40F4FA}.AppStore|ARM.Deploy.0 = Release|ARM
		{7194128C-9331-423C-8629-4F6BEA40F4FA}.AppStore|iPhone.ActiveCfg = Release|Any CPU
		{7194128C-9331-423C-8629-4F6BEA40F4FA}.AppStore|iPhone.Build.0 = Release|Any CPU
		{7194128C-9331-423C-8629-4F6BEA40F4FA}.AppStore|iPhone.Deploy.0 = Release|Any CPU
		{7194128C-9331-423C-8629-4F6BEA40F4FA}.AppStore|iPhoneSimulator.ActiveCfg = Release|Any CPU
		{7194128C-9331-423C-8629-4F6BEA40F4FA}.AppStore|iPhoneSimulator.Build.0 = Release|Any CPU
		{7194128C-9331-423C-8629-4F6BEA40F4FA}.AppStore|iPhoneSimulator.Deploy.0 = Release|Any CPU
		{7194128C-9331-423C-8629-4F6BEA40F4FA}.AppStore|x64.ActiveCfg = Release|x64
		{7194128C-9331-423C-8629-4F6BEA40F4FA}.AppStore|x64.Build.0 = Release|x64
		{7194128C-9331-423C-8629-4F6BEA40F4FA}.AppStore|x64.Deploy.0 = Release|x64
		{7194128C-9331-423C-8629-4F6BEA40F4FA}.AppStore|x86.ActiveCfg = Release|x86
		{7194128C-9331-423C-8629-4F6BEA40F4FA}.AppStore|x86.Build.0 = Release|x86
		{7194128C-9331-423C-8629-4F6BEA40F4FA}.AppStore|x86.Deploy.0 = Release|x86
		{7194128C-9331-423C-8629-4F6BEA40F4FA}.Debug|Any CPU.ActiveCfg = Debug|Any CPU
		{7194128C-9331-423C-8629-4F6BEA40F4FA}.Debug|Any CPU.Build.0 = Debug|Any CPU
		{7194128C-9331-423C-8629-4F6BEA40F4FA}.Debug|Any CPU.Deploy.0 = Debug|Any CPU
		{7194128C-9331-423C-8629-4F6BEA40F4FA}.Debug|ARM.ActiveCfg = Debug|ARM
		{7194128C-9331-423C-8629-4F6BEA40F4FA}.Debug|ARM.Build.0 = Debug|ARM
		{7194128C-9331-423C-8629-4F6BEA40F4FA}.Debug|ARM.Deploy.0 = Debug|ARM
		{7194128C-9331-423C-8629-4F6BEA40F4FA}.Debug|iPhone.ActiveCfg = Debug|Any CPU
		{7194128C-9331-423C-8629-4F6BEA40F4FA}.Debug|iPhone.Build.0 = Debug|Any CPU
		{7194128C-9331-423C-8629-4F6BEA40F4FA}.Debug|iPhone.Deploy.0 = Debug|Any CPU
		{7194128C-9331-423C-8629-4F6BEA40F4FA}.Debug|iPhoneSimulator.ActiveCfg = Debug|Any CPU
		{7194128C-9331-423C-8629-4F6BEA40F4FA}.Debug|iPhoneSimulator.Build.0 = Debug|Any CPU
		{7194128C-9331-423C-8629-4F6BEA40F4FA}.Debug|iPhoneSimulator.Deploy.0 = Debug|Any CPU
		{7194128C-9331-423C-8629-4F6BEA40F4FA}.Debug|x64.ActiveCfg = Debug|x64
		{7194128C-9331-423C-8629-4F6BEA40F4FA}.Debug|x64.Build.0 = Debug|x64
		{7194128C-9331-423C-8629-4F6BEA40F4FA}.Debug|x64.Deploy.0 = Debug|x64
		{7194128C-9331-423C-8629-4F6BEA40F4FA}.Debug|x86.ActiveCfg = Debug|x86
		{7194128C-9331-423C-8629-4F6BEA40F4FA}.Debug|x86.Build.0 = Debug|x86
		{7194128C-9331-423C-8629-4F6BEA40F4FA}.Debug|x86.Deploy.0 = Debug|x86
		{7194128C-9331-423C-8629-4F6BEA40F4FA}.Release|Any CPU.ActiveCfg = Release|Any CPU
		{7194128C-9331-423C-8629-4F6BEA40F4FA}.Release|Any CPU.Build.0 = Release|Any CPU
		{7194128C-9331-423C-8629-4F6BEA40F4FA}.Release|Any CPU.Deploy.0 = Release|Any CPU
		{7194128C-9331-423C-8629-4F6BEA40F4FA}.Release|ARM.ActiveCfg = Release|ARM
		{7194128C-9331-423C-8629-4F6BEA40F4FA}.Release|ARM.Build.0 = Release|ARM
		{7194128C-9331-423C-8629-4F6BEA40F4FA}.Release|ARM.Deploy.0 = Release|ARM
		{7194128C-9331-423C-8629-4F6BEA40F4FA}.Release|iPhone.ActiveCfg = Release|Any CPU
		{7194128C-9331-423C-8629-4F6BEA40F4FA}.Release|iPhone.Build.0 = Release|Any CPU
		{7194128C-9331-423C-8629-4F6BEA40F4FA}.Release|iPhone.Deploy.0 = Release|Any CPU
		{7194128C-9331-423C-8629-4F6BEA40F4FA}.Release|iPhoneSimulator.ActiveCfg = Release|Any CPU
		{7194128C-9331-423C-8629-4F6BEA40F4FA}.Release|iPhoneSimulator.Build.0 = Release|Any CPU
		{7194128C-9331-423C-8629-4F6BEA40F4FA}.Release|iPhoneSimulator.Deploy.0 = Release|Any CPU
		{7194128C-9331-423C-8629-4F6BEA40F4FA}.Release|x64.ActiveCfg = Release|x64
		{7194128C-9331-423C-8629-4F6BEA40F4FA}.Release|x64.Build.0 = Release|x64
		{7194128C-9331-423C-8629-4F6BEA40F4FA}.Release|x64.Deploy.0 = Release|x64
		{7194128C-9331-423C-8629-4F6BEA40F4FA}.Release|x86.ActiveCfg = Release|x86
		{7194128C-9331-423C-8629-4F6BEA40F4FA}.Release|x86.Build.0 = Release|x86
		{7194128C-9331-423C-8629-4F6BEA40F4FA}.Release|x86.Deploy.0 = Release|x86
	EndGlobalSection
	GlobalSection(SolutionProperties) = preSolution
		HideSolutionNode = FALSE
	EndGlobalSection
EndGlobal
